
Microsoft Visual Studio Solution File, Format Version 12.00
# Visual Studio 15
VisualStudioVersion = 15.0.27130.2024
MinimumVisualStudioVersion = 10.0.40219.1
Project("{9A19103F-16F7-4668-BE54-9A1E7A4F7556}") = "PedraPapelTesoura", "PedraPapelTesoura\PedraPapelTesoura.csproj", "{93624E60-72FC-4D42-8741-4FD1EFD6D2FE}"
EndProject
Global
	GlobalSection(SolutionConfigurationPlatforms) = preSolution
		Debug|Any CPU = Debug|Any CPU
		Release|Any CPU = Release|Any CPU
	EndGlobalSection
	GlobalSection(ProjectConfigurationPlatforms) = postSolution
		{93624E60-72FC-4D42-8741-4FD1EFD6D2FE}.Debug|Any CPU.ActiveCfg = Debug|Any CPU
		{93624E60-72FC-4D42-8741-4FD1EFD6D2FE}.Debug|Any CPU.Build.0 = Debug|Any CPU
		{93624E60-72FC-4D42-8741-4FD1EFD6D2FE}.Release|Any CPU.ActiveCfg = Release|Any CPU
		{93624E60-72FC-4D42-8741-4FD1EFD6D2FE}.Release|Any CPU.Build.0 = Release|Any CPU
	EndGlobalSection
	GlobalSection(SolutionProperties) = preSolution
		HideSolutionNode = FALSE
	EndGlobalSection
	GlobalSection(ExtensibilityGlobals) = postSolution
		SolutionGuid = {5FEE80BA-E14C-40BE-9A7D-98F66A8B19B6}
	EndGlobalSection
EndGlobal
